// !$*UTF8*$!
{
	archiveVersion = 1;
	classes = {
	};
	objectVersion = 77;
	objects = {

/* Begin PBXBuildFile section */
		CE17C3AC2E23F41D0021B22C /* BudClientUI.framework in Frameworks */ = {isa = PBXBuildFile; fileRef = CE17C3A62E23F41D0021B22C /* BudClientUI.framework */; };
		CE17C3AD2E23F41D0021B22C /* BudClientUI.framework in Embed Frameworks */ = {isa = PBXBuildFile; fileRef = CE17C3A62E23F41D0021B22C /* BudClientUI.framework */; settings = {ATTRIBUTES = (CodeSignOnCopy, RemoveHeadersOnCopy, ); }; };
		CE4A1DBF2E0F0911001254F5 /* GoogleService-Info.plist in Resources */ = {isa = PBXBuildFile; fileRef = CE4A1DBE2E0F0911001254F5 /* GoogleService-Info.plist */; };
		CE5CAD0C2E212B1A0097F80D /* BudClient in Frameworks */ = {isa = PBXBuildFile; productRef = CE5CAD0B2E212B1A0097F80D /* BudClient */; };
		CE5CAD0E2E212B1A0097F80D /* Values in Frameworks */ = {isa = PBXBuildFile; productRef = CE5CAD0D2E212B1A0097F80D /* Values */; };
		CE6FE50A2E0F10CB00F1A6BD /* BudClient in Frameworks */ = {isa = PBXBuildFile; productRef = CE6FE5092E0F10CB00F1A6BD /* BudClient */; };
		CEBD9F142E0D5E4300F05748 /* BudClient in Frameworks */ = {isa = PBXBuildFile; productRef = CEBD9F132E0D5E4300F05748 /* BudClient */; };
		CED4454B2E241FFA00203F29 /* Collections in Frameworks */ = {isa = PBXBuildFile; productRef = CED4454A2E241FFA00203F29 /* Collections */; };
		CEF3204B2E10203000072C6C /* GoogleSignIn in Frameworks */ = {isa = PBXBuildFile; productRef = CEF3204A2E10203000072C6C /* GoogleSignIn */; };
		CEF3204D2E10203000072C6C /* GoogleSignInSwift in Frameworks */ = {isa = PBXBuildFile; productRef = CEF3204C2E10203000072C6C /* GoogleSignInSwift */; };
/* End PBXBuildFile section */

/* Begin PBXContainerItemProxy section */
		CE17C3AA2E23F41D0021B22C /* PBXContainerItemProxy */ = {
			isa = PBXContainerItemProxy;
			containerPortal = CEA4577E2E0CFEF6008F5A0C /* Project object */;
			proxyType = 1;
			remoteGlobalIDString = CE17C3A52E23F41D0021B22C;
			remoteInfo = BudClientUI;
		};
		CEA457942E0CFEF7008F5A0C /* PBXContainerItemProxy */ = {
			isa = PBXContainerItemProxy;
			containerPortal = CEA4577E2E0CFEF6008F5A0C /* Project object */;
			proxyType = 1;
			remoteGlobalIDString = CEA457852E0CFEF6008F5A0C;
			remoteInfo = BudClientiOS;
		};
		CEA4579E2E0CFEF7008F5A0C /* PBXContainerItemProxy */ = {
			isa = PBXContainerItemProxy;
			containerPortal = CEA4577E2E0CFEF6008F5A0C /* Project object */;
			proxyType = 1;
			remoteGlobalIDString = CEA457852E0CFEF6008F5A0C;
			remoteInfo = BudClientiOS;
		};
/* End PBXContainerItemProxy section */

/* Begin PBXCopyFilesBuildPhase section */
		CE17C3B12E23F41D0021B22C /* Embed Frameworks */ = {
			isa = PBXCopyFilesBuildPhase;
			buildActionMask = 2147483647;
			dstPath = "";
			dstSubfolderSpec = 10;
			files = (
				CE17C3AD2E23F41D0021B22C /* BudClientUI.framework in Embed Frameworks */,
			);
			name = "Embed Frameworks";
			runOnlyForDeploymentPostprocessing = 0;
		};
/* End PBXCopyFilesBuildPhase section */

/* Begin PBXFileReference section */
		CE17C3A62E23F41D0021B22C /* BudClientUI.framework */ = {isa = PBXFileReference; explicitFileType = wrapper.framework; includeInIndex = 0; path = BudClientUI.framework; sourceTree = BUILT_PRODUCTS_DIR; };
		CE4A1DBE2E0F0911001254F5 /* GoogleService-Info.plist */ = {isa = PBXFileReference; lastKnownFileType = text.plist.xml; path = "GoogleService-Info.plist"; sourceTree = "<group>"; };
		CEA457862E0CFEF6008F5A0C /* BudClientiOS.app */ = {isa = PBXFileReference; explicitFileType = wrapper.application; includeInIndex = 0; path = BudClientiOS.app; sourceTree = BUILT_PRODUCTS_DIR; };
		CEA457932E0CFEF7008F5A0C /* BudClientiOSTests.xctest */ = {isa = PBXFileReference; explicitFileType = wrapper.cfbundle; includeInIndex = 0; path = BudClientiOSTests.xctest; sourceTree = BUILT_PRODUCTS_DIR; };
		CEA4579D2E0CFEF7008F5A0C /* BudClientiOSUITests.xctest */ = {isa = PBXFileReference; explicitFileType = wrapper.cfbundle; includeInIndex = 0; path = BudClientiOSUITests.xctest; sourceTree = BUILT_PRODUCTS_DIR; };
/* End PBXFileReference section */

/* Begin PBXFileSystemSynchronizedRootGroup section */
		CE17C3A72E23F41D0021B22C /* BudClientUI */ = {
			isa = PBXFileSystemSynchronizedRootGroup;
			path = BudClientUI;
			sourceTree = "<group>";
		};
		CEA457882E0CFEF6008F5A0C /* BudClientiOS */ = {
			isa = PBXFileSystemSynchronizedRootGroup;
			path = BudClientiOS;
			sourceTree = "<group>";
		};
		CEA457962E0CFEF7008F5A0C /* BudClientiOSTests */ = {
			isa = PBXFileSystemSynchronizedRootGroup;
			path = BudClientiOSTests;
			sourceTree = "<group>";
		};
		CEA457A02E0CFEF7008F5A0C /* BudClientiOSUITests */ = {
			isa = PBXFileSystemSynchronizedRootGroup;
			path = BudClientiOSUITests;
			sourceTree = "<group>";
		};
/* End PBXFileSystemSynchronizedRootGroup section */

/* Begin PBXFrameworksBuildPhase section */
		CE17C3A32E23F41D0021B22C /* Frameworks */ = {
			isa = PBXFrameworksBuildPhase;
			buildActionMask = 2147483647;
			files = (
			);
			runOnlyForDeploymentPostprocessing = 0;
		};
		CEA457832E0CFEF6008F5A0C /* Frameworks */ = {
			isa = PBXFrameworksBuildPhase;
			buildActionMask = 2147483647;
			files = (
				CE6FE50A2E0F10CB00F1A6BD /* BudClient in Frameworks */,
				CEF3204D2E10203000072C6C /* GoogleSignInSwift in Frameworks */,
				CED4454B2E241FFA00203F29 /* Collections in Frameworks */,
				CE17C3AC2E23F41D0021B22C /* BudClientUI.framework in Frameworks */,
				CE5CAD0E2E212B1A0097F80D /* Values in Frameworks */,
				CE5CAD0C2E212B1A0097F80D /* BudClient in Frameworks */,
				CEBD9F142E0D5E4300F05748 /* BudClient in Frameworks */,
				CEF3204B2E10203000072C6C /* GoogleSignIn in Frameworks */,
			);
			runOnlyForDeploymentPostprocessing = 0;
		};
		CEA457902E0CFEF7008F5A0C /* Frameworks */ = {
			isa = PBXFrameworksBuildPhase;
			buildActionMask = 2147483647;
			files = (
			);
			runOnlyForDeploymentPostprocessing = 0;
		};
		CEA4579A2E0CFEF7008F5A0C /* Frameworks */ = {
			isa = PBXFrameworksBuildPhase;
			buildActionMask = 2147483647;
			files = (
			);
			runOnlyForDeploymentPostprocessing = 0;
		};
/* End PBXFrameworksBuildPhase section */

/* Begin PBXGroup section */
		CE4293322E11605000C1F9B3 /* Frameworks */ = {
			isa = PBXGroup;
			children = (
			);
			name = Frameworks;
			sourceTree = "<group>";
		};
		CEA4577D2E0CFEF6008F5A0C = {
			isa = PBXGroup;
			children = (
				CEA457882E0CFEF6008F5A0C /* BudClientiOS */,
				CEA457962E0CFEF7008F5A0C /* BudClientiOSTests */,
				CEA457A02E0CFEF7008F5A0C /* BudClientiOSUITests */,
				CE17C3A72E23F41D0021B22C /* BudClientUI */,
				CEA457872E0CFEF6008F5A0C /* Products */,
				CE4A1DBE2E0F0911001254F5 /* GoogleService-Info.plist */,
				CE4293322E11605000C1F9B3 /* Frameworks */,
			);
			sourceTree = "<group>";
		};
		CEA457872E0CFEF6008F5A0C /* Products */ = {
			isa = PBXGroup;
			children = (
				CEA457862E0CFEF6008F5A0C /* BudClientiOS.app */,
				CEA457932E0CFEF7008F5A0C /* BudClientiOSTests.xctest */,
				CEA4579D2E0CFEF7008F5A0C /* BudClientiOSUITests.xctest */,
				CE17C3A62E23F41D0021B22C /* BudClientUI.framework */,
			);
			name = Products;
			sourceTree = "<group>";
		};
/* End PBXGroup section */

/* Begin PBXHeadersBuildPhase section */
		CE17C3A12E23F41D0021B22C /* Headers */ = {
			isa = PBXHeadersBuildPhase;
			buildActionMask = 2147483647;
			files = (
			);
			runOnlyForDeploymentPostprocessing = 0;
		};
/* End PBXHeadersBuildPhase section */

/* Begin PBXNativeTarget section */
		CE17C3A52E23F41D0021B22C /* BudClientUI */ = {
			isa = PBXNativeTarget;
			buildConfigurationList = CE17C3AE2E23F41D0021B22C /* Build configuration list for PBXNativeTarget "BudClientUI" */;
			buildPhases = (
				CE17C3A12E23F41D0021B22C /* Headers */,
				CE17C3A22E23F41D0021B22C /* Sources */,
				CE17C3A32E23F41D0021B22C /* Frameworks */,
				CE17C3A42E23F41D0021B22C /* Resources */,
			);
			buildRules = (
			);
			dependencies = (
			);
			fileSystemSynchronizedGroups = (
				CE17C3A72E23F41D0021B22C /* BudClientUI */,
			);
			name = BudClientUI;
			packageProductDependencies = (
			);
			productName = BudClientUI;
			productReference = CE17C3A62E23F41D0021B22C /* BudClientUI.framework */;
			productType = "com.apple.product-type.framework";
		};
		CEA457852E0CFEF6008F5A0C /* BudClientiOS */ = {
			isa = PBXNativeTarget;
			buildConfigurationList = CEA457A72E0CFEF7008F5A0C /* Build configuration list for PBXNativeTarget "BudClientiOS" */;
			buildPhases = (
				CEA457822E0CFEF6008F5A0C /* Sources */,
				CEA457832E0CFEF6008F5A0C /* Frameworks */,
				CEA457842E0CFEF6008F5A0C /* Resources */,
				CE17C3B12E23F41D0021B22C /* Embed Frameworks */,
			);
			buildRules = (
			);
			dependencies = (
				CE17C3AB2E23F41D0021B22C /* PBXTargetDependency */,
			);
			fileSystemSynchronizedGroups = (
				CEA457882E0CFEF6008F5A0C /* BudClientiOS */,
			);
			name = BudClientiOS;
			packageProductDependencies = (
				CEBD9F132E0D5E4300F05748 /* BudClient */,
				CE6FE5092E0F10CB00F1A6BD /* BudClient */,
				CEF3204A2E10203000072C6C /* GoogleSignIn */,
				CEF3204C2E10203000072C6C /* GoogleSignInSwift */,
				CE5CAD0B2E212B1A0097F80D /* BudClient */,
				CE5CAD0D2E212B1A0097F80D /* Values */,
				CED4454A2E241FFA00203F29 /* Collections */,
			);
			productName = BudClientiOS;
			productReference = CEA457862E0CFEF6008F5A0C /* BudClientiOS.app */;
			productType = "com.apple.product-type.application";
		};
		CEA457922E0CFEF7008F5A0C /* BudClientiOSTests */ = {
			isa = PBXNativeTarget;
			buildConfigurationList = CEA457AA2E0CFEF7008F5A0C /* Build configuration list for PBXNativeTarget "BudClientiOSTests" */;
			buildPhases = (
				CEA4578F2E0CFEF7008F5A0C /* Sources */,
				CEA457902E0CFEF7008F5A0C /* Frameworks */,
				CEA457912E0CFEF7008F5A0C /* Resources */,
			);
			buildRules = (
			);
			dependencies = (
				CEA457952E0CFEF7008F5A0C /* PBXTargetDependency */,
			);
			fileSystemSynchronizedGroups = (
				CEA457962E0CFEF7008F5A0C /* BudClientiOSTests */,
			);
			name = BudClientiOSTests;
			packageProductDependencies = (
			);
			productName = BudClientiOSTests;
			productReference = CEA457932E0CFEF7008F5A0C /* BudClientiOSTests.xctest */;
			productType = "com.apple.product-type.bundle.unit-test";
		};
		CEA4579C2E0CFEF7008F5A0C /* BudClientiOSUITests */ = {
			isa = PBXNativeTarget;
			buildConfigurationList = CEA457AD2E0CFEF7008F5A0C /* Build configuration list for PBXNativeTarget "BudClientiOSUITests" */;
			buildPhases = (
				CEA457992E0CFEF7008F5A0C /* Sources */,
				CEA4579A2E0CFEF7008F5A0C /* Frameworks */,
				CEA4579B2E0CFEF7008F5A0C /* Resources */,
			);
			buildRules = (
			);
			dependencies = (
				CEA4579F2E0CFEF7008F5A0C /* PBXTargetDependency */,
			);
			fileSystemSynchronizedGroups = (
				CEA457A02E0CFEF7008F5A0C /* BudClientiOSUITests */,
			);
			name = BudClientiOSUITests;
			packageProductDependencies = (
			);
			productName = BudClientiOSUITests;
			productReference = CEA4579D2E0CFEF7008F5A0C /* BudClientiOSUITests.xctest */;
			productType = "com.apple.product-type.bundle.ui-testing";
		};
/* End PBXNativeTarget section */

/* Begin PBXProject section */
		CEA4577E2E0CFEF6008F5A0C /* Project object */ = {
			isa = PBXProject;
			attributes = {
				BuildIndependentTargetsInParallel = 1;
				LastSwiftUpdateCheck = 2600;
				LastUpgradeCheck = 2600;
				TargetAttributes = {
					CE17C3A52E23F41D0021B22C = {
						CreatedOnToolsVersion = 26.0;
					};
					CEA457852E0CFEF6008F5A0C = {
						CreatedOnToolsVersion = 26.0;
					};
					CEA457922E0CFEF7008F5A0C = {
						CreatedOnToolsVersion = 26.0;
						TestTargetID = CEA457852E0CFEF6008F5A0C;
					};
					CEA4579C2E0CFEF7008F5A0C = {
						CreatedOnToolsVersion = 26.0;
						TestTargetID = CEA457852E0CFEF6008F5A0C;
					};
				};
			};
			buildConfigurationList = CEA457812E0CFEF6008F5A0C /* Build configuration list for PBXProject "BudClientiOS" */;
			developmentRegion = en;
			hasScannedForEncodings = 0;
			knownRegions = (
				en,
				Base,
			);
			mainGroup = CEA4577D2E0CFEF6008F5A0C;
			minimizedProjectReferenceProxies = 1;
			packageReferences = (
				CEF320492E10203000072C6C /* XCRemoteSwiftPackageReference "GoogleSignIn-iOS" */,
				CE5CAD0A2E212B1A0097F80D /* XCLocalSwiftPackageReference "../BudClient" */,
				CED445492E241FFA00203F29 /* XCRemoteSwiftPackageReference "swift-collections" */,
			);
			preferredProjectObjectVersion = 77;
			productRefGroup = CEA457872E0CFEF6008F5A0C /* Products */;
			projectDirPath = "";
			projectRoot = "";
			targets = (
				CEA457852E0CFEF6008F5A0C /* BudClientiOS */,
				CEA457922E0CFEF7008F5A0C /* BudClientiOSTests */,
				CEA4579C2E0CFEF7008F5A0C /* BudClientiOSUITests */,
				CE17C3A52E23F41D0021B22C /* BudClientUI */,
			);
		};
/* End PBXProject section */

/* Begin PBXResourcesBuildPhase section */
		CE17C3A42E23F41D0021B22C /* Resources */ = {
			isa = PBXResourcesBuildPhase;
			buildActionMask = 2147483647;
			files = (
			);
			runOnlyForDeploymentPostprocessing = 0;
		};
		CEA457842E0CFEF6008F5A0C /* Resources */ = {
			isa = PBXResourcesBuildPhase;
			buildActionMask = 2147483647;
			files = (
				CE4A1DBF2E0F0911001254F5 /* GoogleService-Info.plist in Resources */,
			);
			runOnlyForDeploymentPostprocessing = 0;
		};
		CEA457912E0CFEF7008F5A0C /* Resources */ = {
			isa = PBXResourcesBuildPhase;
			buildActionMask = 2147483647;
			files = (
			);
			runOnlyForDeploymentPostprocessing = 0;
		};
		CEA4579B2E0CFEF7008F5A0C /* Resources */ = {
			isa = PBXResourcesBuildPhase;
			buildActionMask = 2147483647;
			files = (
			);
			runOnlyForDeploymentPostprocessing = 0;
		};
/* End PBXResourcesBuildPhase section */

/* Begin PBXSourcesBuildPhase section */
		CE17C3A22E23F41D0021B22C /* Sources */ = {
			isa = PBXSourcesBuildPhase;
			buildActionMask = 2147483647;
			files = (
			);
			runOnlyForDeploymentPostprocessing = 0;
		};
		CEA457822E0CFEF6008F5A0C /* Sources */ = {
			isa = PBXSourcesBuildPhase;
			buildActionMask = 2147483647;
			files = (
			);
			runOnlyForDeploymentPostprocessing = 0;
		};
		CEA4578F2E0CFEF7008F5A0C /* Sources */ = {
			isa = PBXSourcesBuildPhase;
			buildActionMask = 2147483647;
			files = (
			);
			runOnlyForDeploymentPostprocessing = 0;
		};
		CEA457992E0CFEF7008F5A0C /* Sources */ = {
			isa = PBXSourcesBuildPhase;
			buildActionMask = 2147483647;
			files = (
			);
			runOnlyForDeploymentPostprocessing = 0;
		};
/* End PBXSourcesBuildPhase section */

/* Begin PBXTargetDependency section */
		CE17C3AB2E23F41D0021B22C /* PBXTargetDependency */ = {
			isa = PBXTargetDependency;
			target = CE17C3A52E23F41D0021B22C /* BudClientUI */;
			targetProxy = CE17C3AA2E23F41D0021B22C /* PBXContainerItemProxy */;
		};
		CEA457952E0CFEF7008F5A0C /* PBXTargetDependency */ = {
			isa = PBXTargetDependency;
			target = CEA457852E0CFEF6008F5A0C /* BudClientiOS */;
			targetProxy = CEA457942E0CFEF7008F5A0C /* PBXContainerItemProxy */;
		};
		CEA4579F2E0CFEF7008F5A0C /* PBXTargetDependency */ = {
			isa = PBXTargetDependency;
			target = CEA457852E0CFEF6008F5A0C /* BudClientiOS */;
			targetProxy = CEA4579E2E0CFEF7008F5A0C /* PBXContainerItemProxy */;
		};
/* End PBXTargetDependency section */

/* Begin XCBuildConfiguration section */
		CE17C3AF2E23F41D0021B22C /* Debug */ = {
			isa = XCBuildConfiguration;
			buildSettings = {
				BUILD_LIBRARY_FOR_DISTRIBUTION = YES;
				CODE_SIGN_STYLE = Automatic;
				CURRENT_PROJECT_VERSION = 1;
				DEVELOPMENT_TEAM = 3X262XJF5T;
				DYLIB_COMPATIBILITY_VERSION = 1;
				DYLIB_CURRENT_VERSION = 1;
				DYLIB_INSTALL_NAME_BASE = "@rpath";
				ENABLE_MODULE_VERIFIER = YES;
				GENERATE_INFOPLIST_FILE = YES;
				INFOPLIST_KEY_NSHumanReadableCopyright = "";
				INSTALL_PATH = "$(LOCAL_LIBRARY_DIR)/Frameworks";
				LD_RUNPATH_SEARCH_PATHS = (
					"$(inherited)",
					"@executable_path/Frameworks",
					"@loader_path/Frameworks",
				);
				MARKETING_VERSION = 1.0;
				MODULE_VERIFIER_SUPPORTED_LANGUAGES = "objective-c objective-c++";
				MODULE_VERIFIER_SUPPORTED_LANGUAGE_STANDARDS = "gnu17 gnu++20";
				PRODUCT_BUNDLE_IDENTIFIER = com.ginger.BudClientUI;
				PRODUCT_NAME = "$(TARGET_NAME:c99extidentifier)";
				SKIP_INSTALL = YES;
				STRING_CATALOG_GENERATE_SYMBOLS = YES;
				SWIFT_APPROACHABLE_CONCURRENCY = YES;
				SWIFT_EMIT_LOC_STRINGS = YES;
				SWIFT_INSTALL_MODULE = YES;
				SWIFT_INSTALL_OBJC_HEADER = NO;
				SWIFT_UPCOMING_FEATURE_MEMBER_IMPORT_VISIBILITY = YES;
				SWIFT_VERSION = 5.0;
				TARGETED_DEVICE_FAMILY = "1,2";
				VERSIONING_SYSTEM = "apple-generic";
				VERSION_INFO_PREFIX = "";
			};
			name = Debug;
		};
		CE17C3B02E23F41D0021B22C /* Release */ = {
			isa = XCBuildConfiguration;
			buildSettings = {
				BUILD_LIBRARY_FOR_DISTRIBUTION = YES;
				CODE_SIGN_STYLE = Automatic;
				CURRENT_PROJECT_VERSION = 1;
				DEVELOPMENT_TEAM = 3X262XJF5T;
				DYLIB_COMPATIBILITY_VERSION = 1;
				DYLIB_CURRENT_VERSION = 1;
				DYLIB_INSTALL_NAME_BASE = "@rpath";
				ENABLE_MODULE_VERIFIER = YES;
				GENERATE_INFOPLIST_FILE = YES;
				INFOPLIST_KEY_NSHumanReadableCopyright = "";
				INSTALL_PATH = "$(LOCAL_LIBRARY_DIR)/Frameworks";
				LD_RUNPATH_SEARCH_PATHS = (
					"$(inherited)",
					"@executable_path/Frameworks",
					"@loader_path/Frameworks",
				);
				MARKETING_VERSION = 1.0;
				MODULE_VERIFIER_SUPPORTED_LANGUAGES = "objective-c objective-c++";
				MODULE_VERIFIER_SUPPORTED_LANGUAGE_STANDARDS = "gnu17 gnu++20";
				PRODUCT_BUNDLE_IDENTIFIER = com.ginger.BudClientUI;
				PRODUCT_NAME = "$(TARGET_NAME:c99extidentifier)";
				SKIP_INSTALL = YES;
				STRING_CATALOG_GENERATE_SYMBOLS = YES;
				SWIFT_APPROACHABLE_CONCURRENCY = YES;
				SWIFT_EMIT_LOC_STRINGS = YES;
				SWIFT_INSTALL_MODULE = YES;
				SWIFT_INSTALL_OBJC_HEADER = NO;
				SWIFT_UPCOMING_FEATURE_MEMBER_IMPORT_VISIBILITY = YES;
				SWIFT_VERSION = 5.0;
				TARGETED_DEVICE_FAMILY = "1,2";
				VERSIONING_SYSTEM = "apple-generic";
				VERSION_INFO_PREFIX = "";
			};
			name = Release;
		};
		CEA457A52E0CFEF7008F5A0C /* Debug */ = {
			isa = XCBuildConfiguration;
			buildSettings = {
				ALWAYS_SEARCH_USER_PATHS = NO;
				ASSETCATALOG_COMPILER_GENERATE_SWIFT_ASSET_SYMBOL_EXTENSIONS = YES;
				CLANG_ANALYZER_NONNULL = YES;
				CLANG_ANALYZER_NUMBER_OBJECT_CONVERSION = YES_AGGRESSIVE;
				CLANG_CXX_LANGUAGE_STANDARD = "gnu++20";
				CLANG_ENABLE_MODULES = YES;
				CLANG_ENABLE_OBJC_ARC = YES;
				CLANG_ENABLE_OBJC_WEAK = YES;
				CLANG_WARN_BLOCK_CAPTURE_AUTORELEASING = YES;
				CLANG_WARN_BOOL_CONVERSION = YES;
				CLANG_WARN_COMMA = YES;
				CLANG_WARN_CONSTANT_CONVERSION = YES;
				CLANG_WARN_DEPRECATED_OBJC_IMPLEMENTATIONS = YES;
				CLANG_WARN_DIRECT_OBJC_ISA_USAGE = YES_ERROR;
				CLANG_WARN_DOCUMENTATION_COMMENTS = YES;
				CLANG_WARN_EMPTY_BODY = YES;
				CLANG_WARN_ENUM_CONVERSION = YES;
				CLANG_WARN_INFINITE_RECURSION = YES;
				CLANG_WARN_INT_CONVERSION = YES;
				CLANG_WARN_NON_LITERAL_NULL_CONVERSION = YES;
				CLANG_WARN_OBJC_IMPLICIT_RETAIN_SELF = YES;
				CLANG_WARN_OBJC_LITERAL_CONVERSION = YES;
				CLANG_WARN_OBJC_ROOT_CLASS = YES_ERROR;
				CLANG_WARN_QUOTED_INCLUDE_IN_FRAMEWORK_HEADER = YES;
				CLANG_WARN_RANGE_LOOP_ANALYSIS = YES;
				CLANG_WARN_STRICT_PROTOTYPES = YES;
				CLANG_WARN_SUSPICIOUS_MOVE = YES;
				CLANG_WARN_UNGUARDED_AVAILABILITY = YES_AGGRESSIVE;
				CLANG_WARN_UNREACHABLE_CODE = YES;
				CLANG_WARN__DUPLICATE_METHOD_MATCH = YES;
				COPY_PHASE_STRIP = NO;
				DEBUG_INFORMATION_FORMAT = dwarf;
				DEVELOPMENT_TEAM = 3X262XJF5T;
				ENABLE_STRICT_OBJC_MSGSEND = YES;
				ENABLE_TESTABILITY = YES;
				ENABLE_USER_SCRIPT_SANDBOXING = YES;
				GCC_C_LANGUAGE_STANDARD = gnu17;
				GCC_DYNAMIC_NO_PIC = NO;
				GCC_NO_COMMON_BLOCKS = YES;
				GCC_OPTIMIZATION_LEVEL = 0;
				GCC_PREPROCESSOR_DEFINITIONS = (
					"DEBUG=1",
					"$(inherited)",
				);
				GCC_WARN_64_TO_32_BIT_CONVERSION = YES;
				GCC_WARN_ABOUT_RETURN_TYPE = YES_ERROR;
				GCC_WARN_UNDECLARED_SELECTOR = YES;
				GCC_WARN_UNINITIALIZED_AUTOS = YES_AGGRESSIVE;
				GCC_WARN_UNUSED_FUNCTION = YES;
				GCC_WARN_UNUSED_VARIABLE = YES;
				IPHONEOS_DEPLOYMENT_TARGET = 26.0;
				LOCALIZATION_PREFERS_STRING_CATALOGS = YES;
				MTL_ENABLE_DEBUG_INFO = INCLUDE_SOURCE;
				MTL_FAST_MATH = YES;
				ONLY_ACTIVE_ARCH = YES;
				SDKROOT = iphoneos;
				SWIFT_ACTIVE_COMPILATION_CONDITIONS = "DEBUG $(inherited)";
				SWIFT_OPTIMIZATION_LEVEL = "-Onone";
			};
			name = Debug;
		};
		CEA457A62E0CFEF7008F5A0C /* Release */ = {
			isa = XCBuildConfiguration;
			buildSettings = {
				ALWAYS_SEARCH_USER_PATHS = NO;
				ASSETCATALOG_COMPILER_GENERATE_SWIFT_ASSET_SYMBOL_EXTENSIONS = YES;
				CLANG_ANALYZER_NONNULL = YES;
				CLANG_ANALYZER_NUMBER_OBJECT_CONVERSION = YES_AGGRESSIVE;
				CLANG_CXX_LANGUAGE_STANDARD = "gnu++20";
				CLANG_ENABLE_MODULES = YES;
				CLANG_ENABLE_OBJC_ARC = YES;
				CLANG_ENABLE_OBJC_WEAK = YES;
				CLANG_WARN_BLOCK_CAPTURE_AUTORELEASING = YES;
				CLANG_WARN_BOOL_CONVERSION = YES;
				CLANG_WARN_COMMA = YES;
				CLANG_WARN_CONSTANT_CONVERSION = YES;
				CLANG_WARN_DEPRECATED_OBJC_IMPLEMENTATIONS = YES;
				CLANG_WARN_DIRECT_OBJC_ISA_USAGE = YES_ERROR;
				CLANG_WARN_DOCUMENTATION_COMMENTS = YES;
				CLANG_WARN_EMPTY_BODY = YES;
				CLANG_WARN_ENUM_CONVERSION = YES;
				CLANG_WARN_INFINITE_RECURSION = YES;
				CLANG_WARN_INT_CONVERSION = YES;
				CLANG_WARN_NON_LITERAL_NULL_CONVERSION = YES;
				CLANG_WARN_OBJC_IMPLICIT_RETAIN_SELF = YES;
				CLANG_WARN_OBJC_LITERAL_CONVERSION = YES;
				CLANG_WARN_OBJC_ROOT_CLASS = YES_ERROR;
				CLANG_WARN_QUOTED_INCLUDE_IN_FRAMEWORK_HEADER = YES;
				CLANG_WARN_RANGE_LOOP_ANALYSIS = YES;
				CLANG_WARN_STRICT_PROTOTYPES = YES;
				CLANG_WARN_SUSPICIOUS_MOVE = YES;
				CLANG_WARN_UNGUARDED_AVAILABILITY = YES_AGGRESSIVE;
				CLANG_WARN_UNREACHABLE_CODE = YES;
				CLANG_WARN__DUPLICATE_METHOD_MATCH = YES;
				COPY_PHASE_STRIP = NO;
				DEBUG_INFORMATION_FORMAT = "dwarf-with-dsym";
				DEVELOPMENT_TEAM = 3X262XJF5T;
				ENABLE_NS_ASSERTIONS = NO;
				ENABLE_STRICT_OBJC_MSGSEND = YES;
				ENABLE_USER_SCRIPT_SANDBOXING = YES;
				GCC_C_LANGUAGE_STANDARD = gnu17;
				GCC_NO_COMMON_BLOCKS = YES;
				GCC_WARN_64_TO_32_BIT_CONVERSION = YES;
				GCC_WARN_ABOUT_RETURN_TYPE = YES_ERROR;
				GCC_WARN_UNDECLARED_SELECTOR = YES;
				GCC_WARN_UNINITIALIZED_AUTOS = YES_AGGRESSIVE;
				GCC_WARN_UNUSED_FUNCTION = YES;
				GCC_WARN_UNUSED_VARIABLE = YES;
				IPHONEOS_DEPLOYMENT_TARGET = 26.0;
				LOCALIZATION_PREFERS_STRING_CATALOGS = YES;
				MTL_ENABLE_DEBUG_INFO = NO;
				MTL_FAST_MATH = YES;
				SDKROOT = iphoneos;
				SWIFT_COMPILATION_MODE = wholemodule;
				VALIDATE_PRODUCT = YES;
			};
			name = Release;
		};
		CEA457A82E0CFEF7008F5A0C /* Debug */ = {
			isa = XCBuildConfiguration;
			buildSettings = {
				ASSETCATALOG_COMPILER_APPICON_NAME = AppIcon;
				ASSETCATALOG_COMPILER_GLOBAL_ACCENT_COLOR_NAME = AccentColor;
				CODE_SIGN_STYLE = Automatic;
				CURRENT_PROJECT_VERSION = 1;
				DEVELOPMENT_TEAM = 3X262XJF5T;
				ENABLE_PREVIEWS = YES;
				GENERATE_INFOPLIST_FILE = YES;
				INFOPLIST_FILE = BudClientiOS/Info.plist;
				INFOPLIST_KEY_UIApplicationSceneManifest_Generation = YES;
				INFOPLIST_KEY_UIApplicationSupportsIndirectInputEvents = YES;
				INFOPLIST_KEY_UILaunchScreen_Generation = YES;
				INFOPLIST_KEY_UISupportedInterfaceOrientations_iPad = "UIInterfaceOrientationPortrait UIInterfaceOrientationPortraitUpsideDown UIInterfaceOrientationLandscapeLeft UIInterfaceOrientationLandscapeRight";
				INFOPLIST_KEY_UISupportedInterfaceOrientations_iPhone = "UIInterfaceOrientationPortrait UIInterfaceOrientationLandscapeLeft UIInterfaceOrientationLandscapeRight";
				LD_RUNPATH_SEARCH_PATHS = (
					"$(inherited)",
					"@executable_path/Frameworks",
				);
				MARKETING_VERSION = 1.0;
				PRODUCT_BUNDLE_IDENTIFIER = com.ginger.BudClientiOS;
				PRODUCT_NAME = "$(TARGET_NAME)";
				STRING_CATALOG_GENERATE_SYMBOLS = YES;
				SWIFT_DEFAULT_ACTOR_ISOLATION = MainActor;
				SWIFT_EMIT_LOC_STRINGS = YES;
				SWIFT_UPCOMING_FEATURE_MEMBER_IMPORT_VISIBILITY = YES;
				SWIFT_VERSION = 5.0;
				TARGETED_DEVICE_FAMILY = "1,2";
			};
			name = Debug;
		};
		CEA457A92E0CFEF7008F5A0C /* Release */ = {
			isa = XCBuildConfiguration;
			buildSettings = {
				ASSETCATALOG_COMPILER_APPICON_NAME = AppIcon;
				ASSETCATALOG_COMPILER_GLOBAL_ACCENT_COLOR_NAME = AccentColor;
				CODE_SIGN_STYLE = Automatic;
				CURRENT_PROJECT_VERSION = 1;
				DEVELOPMENT_TEAM = 3X262XJF5T;
				ENABLE_PREVIEWS = YES;
				GENERATE_INFOPLIST_FILE = YES;
				INFOPLIST_FILE = BudClientiOS/Info.plist;
				INFOPLIST_KEY_UIApplicationSceneManifest_Generation = YES;
				INFOPLIST_KEY_UIApplicationSupportsIndirectInputEvents = YES;
				INFOPLIST_KEY_UILaunchScreen_Generation = YES;
				INFOPLIST_KEY_UISupportedInterfaceOrientations_iPad = "UIInterfaceOrientationPortrait UIInterfaceOrientationPortraitUpsideDown UIInterfaceOrientationLandscapeLeft UIInterfaceOrientationLandscapeRight";
				INFOPLIST_KEY_UISupportedInterfaceOrientations_iPhone = "UIInterfaceOrientationPortrait UIInterfaceOrientationLandscapeLeft UIInterfaceOrientationLandscapeRight";
				LD_RUNPATH_SEARCH_PATHS = (
					"$(inherited)",
					"@executable_path/Frameworks",
				);
				MARKETING_VERSION = 1.0;
				PRODUCT_BUNDLE_IDENTIFIER = com.ginger.BudClientiOS;
				PRODUCT_NAME = "$(TARGET_NAME)";
				STRING_CATALOG_GENERATE_SYMBOLS = YES;
				SWIFT_DEFAULT_ACTOR_ISOLATION = MainActor;
				SWIFT_EMIT_LOC_STRINGS = YES;
				SWIFT_UPCOMING_FEATURE_MEMBER_IMPORT_VISIBILITY = YES;
				SWIFT_VERSION = 5.0;
				TARGETED_DEVICE_FAMILY = "1,2";
			};
			name = Release;
		};
		CEA457AB2E0CFEF7008F5A0C /* Debug */ = {
			isa = XCBuildConfiguration;
			buildSettings = {
				BUNDLE_LOADER = "$(TEST_HOST)";
				CODE_SIGN_STYLE = Automatic;
				CURRENT_PROJECT_VERSION = 1;
				DEVELOPMENT_TEAM = 3X262XJF5T;
				GENERATE_INFOPLIST_FILE = YES;
				IPHONEOS_DEPLOYMENT_TARGET = 26.0;
				MARKETING_VERSION = 1.0;
				PRODUCT_BUNDLE_IDENTIFIER = com.ginger.BudClientiOSTests;
				PRODUCT_NAME = "$(TARGET_NAME)";
				STRING_CATALOG_GENERATE_SYMBOLS = NO;
				SWIFT_EMIT_LOC_STRINGS = NO;
				SWIFT_UPCOMING_FEATURE_MEMBER_IMPORT_VISIBILITY = YES;
				SWIFT_VERSION = 5.0;
				TARGETED_DEVICE_FAMILY = "1,2";
				TEST_HOST = "$(BUILT_PRODUCTS_DIR)/BudClientiOS.app/$(BUNDLE_EXECUTABLE_FOLDER_PATH)/BudClientiOS";
			};
			name = Debug;
		};
		CEA457AC2E0CFEF7008F5A0C /* Release */ = {
			isa = XCBuildConfiguration;
			buildSettings = {
				BUNDLE_LOADER = "$(TEST_HOST)";
				CODE_SIGN_STYLE = Automatic;
				CURRENT_PROJECT_VERSION = 1;
				DEVELOPMENT_TEAM = 3X262XJF5T;
				GENERATE_INFOPLIST_FILE = YES;
				IPHONEOS_DEPLOYMENT_TARGET = 26.0;
				MARKETING_VERSION = 1.0;
				PRODUCT_BUNDLE_IDENTIFIER = com.ginger.BudClientiOSTests;
				PRODUCT_NAME = "$(TARGET_NAME)";
				STRING_CATALOG_GENERATE_SYMBOLS = NO;
				SWIFT_EMIT_LOC_STRINGS = NO;
				SWIFT_UPCOMING_FEATURE_MEMBER_IMPORT_VISIBILITY = YES;
				SWIFT_VERSION = 5.0;
				TARGETED_DEVICE_FAMILY = "1,2";
				TEST_HOST = "$(BUILT_PRODUCTS_DIR)/BudClientiOS.app/$(BUNDLE_EXECUTABLE_FOLDER_PATH)/BudClientiOS";
			};
			name = Release;
		};
		CEA457AE2E0CFEF7008F5A0C /* Debug */ = {
			isa = XCBuildConfiguration;
			buildSettings = {
				CODE_SIGN_STYLE = Automatic;
				CURRENT_PROJECT_VERSION = 1;
				DEVELOPMENT_TEAM = 3X262XJF5T;
				GENERATE_INFOPLIST_FILE = YES;
				MARKETING_VERSION = 1.0;
				PRODUCT_BUNDLE_IDENTIFIER = com.ginger.BudClientiOSUITests;
				PRODUCT_NAME = "$(TARGET_NAME)";
				STRING_CATALOG_GENERATE_SYMBOLS = NO;
				SWIFT_EMIT_LOC_STRINGS = NO;
				SWIFT_UPCOMING_FEATURE_MEMBER_IMPORT_VISIBILITY = YES;
				SWIFT_VERSION = 6.0;
				TARGETED_DEVICE_FAMILY = "1,2";
				TEST_TARGET_NAME = BudClientiOS;
			};
			name = Debug;
		};
		CEA457AF2E0CFEF7008F5A0C /* Release */ = {
			isa = XCBuildConfiguration;
			buildSettings = {
				CODE_SIGN_STYLE = Automatic;
				CURRENT_PROJECT_VERSION = 1;
				DEVELOPMENT_TEAM = 3X262XJF5T;
				GENERATE_INFOPLIST_FILE = YES;
				MARKETING_VERSION = 1.0;
				PRODUCT_BUNDLE_IDENTIFIER = com.ginger.BudClientiOSUITests;
				PRODUCT_NAME = "$(TARGET_NAME)";
				STRING_CATALOG_GENERATE_SYMBOLS = NO;
				SWIFT_EMIT_LOC_STRINGS = NO;
				SWIFT_UPCOMING_FEATURE_MEMBER_IMPORT_VISIBILITY = YES;
				SWIFT_VERSION = 6.0;
				TARGETED_DEVICE_FAMILY = "1,2";
				TEST_TARGET_NAME = BudClientiOS;
			};
			name = Release;
		};
/* End XCBuildConfiguration section */

/* Begin XCConfigurationList section */
		CE17C3AE2E23F41D0021B22C /* Build configuration list for PBXNativeTarget "BudClientUI" */ = {
			isa = XCConfigurationList;
			buildConfigurations = (
				CE17C3AF2E23F41D0021B22C /* Debug */,
				CE17C3B02E23F41D0021B22C /* Release */,
			);
			defaultConfigurationIsVisible = 0;
			defaultConfigurationName = Release;
		};
		CEA457812E0CFEF6008F5A0C /* Build configuration list for PBXProject "BudClientiOS" */ = {
			isa = XCConfigurationList;
			buildConfigurations = (
				CEA457A52E0CFEF7008F5A0C /* Debug */,
				CEA457A62E0CFEF7008F5A0C /* Release */,
			);
			defaultConfigurationIsVisible = 0;
			defaultConfigurationName = Release;
		};
		CEA457A72E0CFEF7008F5A0C /* Build configuration list for PBXNativeTarget "BudClientiOS" */ = {
			isa = XCConfigurationList;
			buildConfigurations = (
				CEA457A82E0CFEF7008F5A0C /* Debug */,
				CEA457A92E0CFEF7008F5A0C /* Release */,
			);
			defaultConfigurationIsVisible = 0;
			defaultConfigurationName = Release;
		};
		CEA457AA2E0CFEF7008F5A0C /* Build configuration list for PBXNativeTarget "BudClientiOSTests" */ = {
			isa = XCConfigurationList;
			buildConfigurations = (
				CEA457AB2E0CFEF7008F5A0C /* Debug */,
				CEA457AC2E0CFEF7008F5A0C /* Release */,
			);
			defaultConfigurationIsVisible = 0;
			defaultConfigurationName = Release;
		};
		CEA457AD2E0CFEF7008F5A0C /* Build configuration list for PBXNativeTarget "BudClientiOSUITests" */ = {
			isa = XCConfigurationList;
			buildConfigurations = (
				CEA457AE2E0CFEF7008F5A0C /* Debug */,
				CEA457AF2E0CFEF7008F5A0C /* Release */,
			);
			defaultConfigurationIsVisible = 0;
			defaultConfigurationName = Release;
		};
/* End XCConfigurationList section */

/* Begin XCLocalSwiftPackageReference section */
		CE5CAD0A2E212B1A0097F80D /* XCLocalSwiftPackageReference "../BudClient" */ = {
			isa = XCLocalSwiftPackageReference;
			relativePath = ../BudClient;
		};
/* End XCLocalSwiftPackageReference section */

/* Begin XCRemoteSwiftPackageReference section */
		CED445492E241FFA00203F29 /* XCRemoteSwiftPackageReference "swift-collections" */ = {
			isa = XCRemoteSwiftPackageReference;
			repositoryURL = "https://github.com/apple/swift-collections.git";
			requirement = {
				kind = upToNextMajorVersion;
				minimumVersion = 1.2.0;
			};
		};
		CEF320492E10203000072C6C /* XCRemoteSwiftPackageReference "GoogleSignIn-iOS" */ = {
			isa = XCRemoteSwiftPackageReference;
			repositoryURL = "https://github.com/google/GoogleSignIn-iOS";
			requirement = {
				kind = upToNextMajorVersion;
				minimumVersion = 8.0.0;
			};
		};
/* End XCRemoteSwiftPackageReference section */

/* Begin XCSwiftPackageProductDependency section */
		CE5CAD0B2E212B1A0097F80D /* BudClient */ = {
			isa = XCSwiftPackageProductDependency;
			productName = BudClient;
		};
		CE5CAD0D2E212B1A0097F80D /* Values */ = {
			isa = XCSwiftPackageProductDependency;
			productName = Values;
		};
		CE6FE5092E0F10CB00F1A6BD /* BudClient */ = {
			isa = XCSwiftPackageProductDependency;
			productName = BudClient;
		};
		CEBD9F132E0D5E4300F05748 /* BudClient */ = {
			isa = XCSwiftPackageProductDependency;
			productName = BudClient;
		};
		CED4454A2E241FFA00203F29 /* Collections */ = {
			isa = XCSwiftPackageProductDependency;
			package = CED445492E241FFA00203F29 /* XCRemoteSwiftPackageReference "swift-collections" */;
			productName = Collections;
		};
		CEF3204A2E10203000072C6C /* GoogleSignIn */ = {
			isa = XCSwiftPackageProductDependency;
			package = CEF320492E10203000072C6C /* XCRemoteSwiftPackageReference "GoogleSignIn-iOS" */;
			productName = GoogleSignIn;
		};
		CEF3204C2E10203000072C6C /* GoogleSignInSwift */ = {
			isa = XCSwiftPackageProductDependency;
			package = CEF320492E10203000072C6C /* XCRemoteSwiftPackageReference "GoogleSignIn-iOS" */;
			productName = GoogleSignInSwift;
		};
/* End XCSwiftPackageProductDependency section */
	};
	rootObject = CEA4577E2E0CFEF6008F5A0C /* Project object */;
}
